
Microsoft Visual Studio Solution File, Format Version 12.00
# Visual Studio Version 17
VisualStudioVersion = 17.2.32802.462
MinimumVisualStudioVersion = 10.0.40219.1
Project("{9A19103F-16F7-4668-BE54-9A1E7A4F7556}") = "Goc.Api", "Goc.Api.csproj", "{BEA9B42B-C0CC-48D5-89E5-0DBC7896A520}"
EndProject
Project("{FAE04EC0-301F-11D3-BF4B-00C04F79EFBC}") = "Goc.Models", "..\Goc.Models\Goc.Models.csproj", "{860EA581-7161-4E0C-984E-6345663E0A84}"
EndProject
Project("{FAE04EC0-301F-11D3-BF4B-00C04F79EFBC}") = "Goc.Business", "..\Goc.Bl\Goc.Business.csproj", "{AB93B923-E94A-4729-AC51-3D7927E761BA}"
EndProject
Project("{FAE04EC0-301F-11D3-BF4B-00C04F79EFBC}") = "Goc.DataAccess", "..\Goc.DataAccess\Goc.DataAccess.csproj", "{50C04D0E-3762-4D22-8D72-3C5C455C7527}"
EndProject
Global
	GlobalSection(SolutionConfigurationPlatforms) = preSolution
		Debug|Any CPU = Debug|Any CPU
		Release|Any CPU = Release|Any CPU
	EndGlobalSection
	GlobalSection(ProjectConfigurationPlatforms) = postSolution
		{BEA9B42B-C0CC-48D5-89E5-0DBC7896A520}.Debug|Any CPU.ActiveCfg = Debug|Any CPU
		{BEA9B42B-C0CC-48D5-89E5-0DBC7896A520}.Debug|Any CPU.Build.0 = Debug|Any CPU
		{BEA9B42B-C0CC-48D5-89E5-0DBC7896A520}.Release|Any CPU.ActiveCfg = Release|Any CPU
		{BEA9B42B-C0CC-48D5-89E5-0DBC7896A520}.Release|Any CPU.Build.0 = Release|Any CPU
		{860EA581-7161-4E0C-984E-6345663E0A84}.Debug|Any CPU.ActiveCfg = Debug|Any CPU
		{860EA581-7161-4E0C-984E-6345663E0A84}.Debug|Any CPU.Build.0 = Debug|Any CPU
		{860EA581-7161-4E0C-984E-6345663E0A84}.Release|Any CPU.ActiveCfg = Release|Any CPU
		{860EA581-7161-4E0C-984E-6345663E0A84}.Release|Any CPU.Build.0 = Release|Any CPU
		{AB93B923-E94A-4729-AC51-3D7927E761BA}.Debug|Any CPU.ActiveCfg = Debug|Any CPU
		{AB93B923-E94A-4729-AC51-3D7927E761BA}.Debug|Any CPU.Build.0 = Debug|Any CPU
		{AB93B923-E94A-4729-AC51-3D7927E761BA}.Release|Any CPU.ActiveCfg = Release|Any CPU
		{AB93B923-E94A-4729-AC51-3D7927E761BA}.Release|Any CPU.Build.0 = Release|Any CPU
		{50C04D0E-3762-4D22-8D72-3C5C455C7527}.Debug|Any CPU.ActiveCfg = Debug|Any CPU
		{50C04D0E-3762-4D22-8D72-3C5C455C7527}.Debug|Any CPU.Build.0 = Debug|Any CPU
		{50C04D0E-3762-4D22-8D72-3C5C455C7527}.Release|Any CPU.ActiveCfg = Release|Any CPU
		{50C04D0E-3762-4D22-8D72-3C5C455C7527}.Release|Any CPU.Build.0 = Release|Any CPU
	EndGlobalSection
	GlobalSection(SolutionProperties) = preSolution
		HideSolutionNode = FALSE
	EndGlobalSection
	GlobalSection(ExtensibilityGlobals) = postSolution
		SolutionGuid = {3E9A5E30-205B-4859-90AF-BB66D62CF3CD}
	EndGlobalSection
EndGlobal
